
Microsoft Visual Studio Solution File, Format Version 11.00
# Visual Studio 2010
Project("{8BC9CEB8-8B4A-11D0-8D11-00A0C91BC942}") = "MyDLL", "MyDLL\MyDLL.vcxproj", "{C979ECCD-1361-4508-A396-9BF10A184490}"
EndProject
Project("{FAE04EC0-301F-11D3-BF4B-00C04F79EFBC}") = "TimeTablingApplication", "TimeTablingApplication\TimeTablingApplication.csproj", "{332E2511-3EE8-4A51-BE75-4C3361B58FB1}"
EndProject
Project("{8BC9CEB8-8B4A-11D0-8D11-00A0C91BC942}") = "ConsoleVersion", "ConsoleVersion\ConsoleVersion.vcxproj", "{7623BBB1-7464-4AED-9014-6CAC500F674F}"
EndProject
Global
	GlobalSection(SolutionConfigurationPlatforms) = preSolution
		Debug|Mixed Platforms = Debug|Mixed Platforms
		Debug|Win32 = Debug|Win32
		Debug|x86 = Debug|x86
		Release|Mixed Platforms = Release|Mixed Platforms
		Release|Win32 = Release|Win32
		Release|x86 = Release|x86
	EndGlobalSection
	GlobalSection(ProjectConfigurationPlatforms) = postSolution
		{C979ECCD-1361-4508-A396-9BF10A184490}.Debug|Mixed Platforms.ActiveCfg = Debug|Win32
		{C979ECCD-1361-4508-A396-9BF10A184490}.Debug|Mixed Platforms.Build.0 = Debug|Win32
		{C979ECCD-1361-4508-A396-9BF10A184490}.Debug|Win32.ActiveCfg = Debug|Win32
		{C979ECCD-1361-4508-A396-9BF10A184490}.Debug|Win32.Build.0 = Debug|Win32
		{C979ECCD-1361-4508-A396-9BF10A184490}.Debug|x86.ActiveCfg = Debug|Win32
		{C979ECCD-1361-4508-A396-9BF10A184490}.Release|Mixed Platforms.ActiveCfg = Release|Win32
		{C979ECCD-1361-4508-A396-9BF10A184490}.Release|Mixed Platforms.Build.0 = Release|Win32
		{C979ECCD-1361-4508-A396-9BF10A184490}.Release|Win32.ActiveCfg = Release|Win32
		{C979ECCD-1361-4508-A396-9BF10A184490}.Release|Win32.Build.0 = Release|Win32
		{C979ECCD-1361-4508-A396-9BF10A184490}.Release|x86.ActiveCfg = Release|Win32
		{332E2511-3EE8-4A51-BE75-4C3361B58FB1}.Debug|Mixed Platforms.ActiveCfg = Debug|x86
		{332E2511-3EE8-4A51-BE75-4C3361B58FB1}.Debug|Mixed Platforms.Build.0 = Debug|x86
		{332E2511-3EE8-4A51-BE75-4C3361B58FB1}.Debug|Win32.ActiveCfg = Debug|x86
		{332E2511-3EE8-4A51-BE75-4C3361B58FB1}.Debug|x86.ActiveCfg = Debug|x86
		{332E2511-3EE8-4A51-BE75-4C3361B58FB1}.Debug|x86.Build.0 = Debug|x86
		{332E2511-3EE8-4A51-BE75-4C3361B58FB1}.Release|Mixed Platforms.ActiveCfg = Release|x86
		{332E2511-3EE8-4A51-BE75-4C3361B58FB1}.Release|Mixed Platforms.Build.0 = Release|x86
		{332E2511-3EE8-4A51-BE75-4C3361B58FB1}.Release|Win32.ActiveCfg = Release|x86
		{332E2511-3EE8-4A51-BE75-4C3361B58FB1}.Release|x86.ActiveCfg = Release|x86
		{332E2511-3EE8-4A51-BE75-4C3361B58FB1}.Release|x86.Build.0 = Release|x86
		{7623BBB1-7464-4AED-9014-6CAC500F674F}.Debug|Mixed Platforms.ActiveCfg = Debug|Win32
		{7623BBB1-7464-4AED-9014-6CAC500F674F}.Debug|Mixed Platforms.Build.0 = Debug|Win32
		{7623BBB1-7464-4AED-9014-6CAC500F674F}.Debug|Win32.ActiveCfg = Debug|Win32
		{7623BBB1-7464-4AED-9014-6CAC500F674F}.Debug|Win32.Build.0 = Debug|Win32
		{7623BBB1-7464-4AED-9014-6CAC500F674F}.Debug|x86.ActiveCfg = Debug|Win32
		{7623BBB1-7464-4AED-9014-6CAC500F674F}.Release|Mixed Platforms.ActiveCfg = Release|Win32
		{7623BBB1-7464-4AED-9014-6CAC500F674F}.Release|Mixed Platforms.Build.0 = Release|Win32
		{7623BBB1-7464-4AED-9014-6CAC500F674F}.Release|Win32.ActiveCfg = Release|Win32
		{7623BBB1-7464-4AED-9014-6CAC500F674F}.Release|Win32.Build.0 = Release|Win32
		{7623BBB1-7464-4AED-9014-6CAC500F674F}.Release|x86.ActiveCfg = Release|Win32
	EndGlobalSection
	GlobalSection(SolutionProperties) = preSolution
		HideSolutionNode = FALSE
	EndGlobalSection
EndGlobal
